
Microsoft Visual Studio Solution File, Format Version 12.00
# Visual Studio Version 17
VisualStudioVersion = 17.4.33213.308
MinimumVisualStudioVersion = 10.0.40219.1
Project("{FAE04EC0-301F-11D3-BF4B-00C04F79EFBC}") = "FinalExam_OS", "FinalExam_OS\FinalExam_OS.csproj", "{FDCC3DA3-15CE-4A76-8FD5-9B73B7AF0079}"
EndProject
Global
	GlobalSection(SolutionConfigurationPlatforms) = preSolution
		Debug|Any CPU = Debug|Any CPU
		Release|Any CPU = Release|Any CPU
	EndGlobalSection
	GlobalSection(ProjectConfigurationPlatforms) = postSolution
		{FDCC3DA3-15CE-4A76-8FD5-9B73B7AF0079}.Debug|Any CPU.ActiveCfg = Debug|Any CPU
		{FDCC3DA3-15CE-4A76-8FD5-9B73B7AF0079}.Debug|Any CPU.Build.0 = Debug|Any CPU
		{FDCC3DA3-15CE-4A76-8FD5-9B73B7AF0079}.Release|Any CPU.ActiveCfg = Release|Any CPU
		{FDCC3DA3-15CE-4A76-8FD5-9B73B7AF0079}.Release|Any CPU.Build.0 = Release|Any CPU
	EndGlobalSection
	GlobalSection(SolutionProperties) = preSolution
		HideSolutionNode = FALSE
	EndGlobalSection
	GlobalSection(ExtensibilityGlobals) = postSolution
		SolutionGuid = {588991C1-EC49-45A4-AACA-C5A1F0904622}
	EndGlobalSection
EndGlobal
